# THIS IS AN AUTOGENERATED FILE. DO NOT EDIT THIS FILE DIRECTLY.
# yarn lockfile v1


"@aws-crypto/ie11-detection@^2.0.0":
  version "2.0.0"
  resolved "https://registry.yarnpkg.com/@aws-crypto/ie11-detection/-/ie11-detection-2.0.0.tgz#bb6c2facf8f03457e949dcf0921477397ffa4c6e"
  integrity sha512-pkVXf/dq6PITJ0jzYZ69VhL8VFOFoPZLZqtU/12SGnzYuJOOGNfF41q9GxdI1yqC8R13Rq3jOLKDFpUJFT5eTA==
  dependencies:
    tslib "^1.11.1"

"@aws-crypto/sha256-browser@2.0.0":
  version "2.0.0"
  resolved "https://registry.yarnpkg.com/@aws-crypto/sha256-browser/-/sha256-browser-2.0.0.tgz#741c9024df55ec59b51e5b1f5d806a4852699fb5"
  integrity sha512-rYXOQ8BFOaqMEHJrLHul/25ckWH6GTJtdLSajhlqGMx0PmSueAuvboCuZCTqEKlxR8CQOwRarxYMZZSYlhRA1A==
  dependencies:
    "@aws-crypto/ie11-detection" "^2.0.0"
    "@aws-crypto/sha256-js" "^2.0.0"
    "@aws-crypto/supports-web-crypto" "^2.0.0"
    "@aws-crypto/util" "^2.0.0"
    "@aws-sdk/types" "^3.1.0"
    "@aws-sdk/util-locate-window" "^3.0.0"
    "@aws-sdk/util-utf8-browser" "^3.0.0"
    tslib "^1.11.1"

"@aws-crypto/sha256-js@2.0.0":
  version "2.0.0"
  resolved "https://registry.yarnpkg.com/@aws-crypto/sha256-js/-/sha256-js-2.0.0.tgz#f1f936039bdebd0b9e2dd834d65afdc2aac4efcb"
  integrity sha512-VZY+mCY4Nmrs5WGfitmNqXzaE873fcIZDu54cbaDaaamsaTOP1DBImV9F4pICc3EHjQXujyE8jig+PFCaew9ig==
  dependencies:
    "@aws-crypto/util" "^2.0.0"
    "@aws-sdk/types" "^3.1.0"
    tslib "^1.11.1"

"@aws-crypto/sha256-js@^2.0.0":
  version "2.0.1"
  resolved "https://registry.yarnpkg.com/@aws-crypto/sha256-js/-/sha256-js-2.0.1.tgz#79e1e6cf61f652ef2089c08d471c722ecf1626a9"
  integrity sha512-mbHTBSPBvg6o/mN/c18Z/zifM05eJrapj5ggoOIeHIWckvkv5VgGi7r/wYpt+QAO2ySKXLNvH2d8L7bne4xrMQ==
  dependencies:
    "@aws-crypto/util" "^2.0.1"
    "@aws-sdk/types" "^3.1.0"
    tslib "^1.11.1"

"@aws-crypto/supports-web-crypto@^2.0.0":
  version "2.0.0"
  resolved "https://registry.yarnpkg.com/@aws-crypto/supports-web-crypto/-/supports-web-crypto-2.0.0.tgz#fd6cde30b88f77d5a4f57b2c37c560d918014f9e"
  integrity sha512-Ge7WQ3E0OC7FHYprsZV3h0QIcpdyJLvIeg+uTuHqRYm8D6qCFJoiC+edSzSyFiHtZf+NOQDJ1q46qxjtzIY2nA==
  dependencies:
    tslib "^1.11.1"

"@aws-crypto/util@^2.0.0", "@aws-crypto/util@^2.0.1":
  version "2.0.1"
  resolved "https://registry.yarnpkg.com/@aws-crypto/util/-/util-2.0.1.tgz#976cf619cf85084ca85ec5eb947a6ac6b8b5c98c"
  integrity sha512-JJmFFwvbm08lULw4Nm5QOLg8+lAQeC8aCXK5xrtxntYzYXCGfHwUJ4Is3770Q7HmICsXthGQ+ZsDL7C2uH3yBQ==
  dependencies:
    "@aws-sdk/types" "^3.1.0"
    "@aws-sdk/util-utf8-browser" "^3.0.0"
    tslib "^1.11.1"

"@aws-sdk/abort-controller@3.55.0":
  version "3.55.0"
  resolved "https://registry.yarnpkg.com/@aws-sdk/abort-controller/-/abort-controller-3.55.0.tgz#779f487cceab7804f2d542925a1918fbe91b42ac"
  integrity sha512-rCcTxJDEFnmvo/PgbhCRv24/Uv03lEGfRslKZq7SjaMcOubflS/ZXYaMEgsjYHgAT0zlpSsyCIkJXmhFaM7H7w==
  dependencies:
    "@aws-sdk/types" "3.55.0"
    tslib "^2.3.1"

"@aws-sdk/client-ses@^3.56.0":
  version "3.56.0"
  resolved "https://registry.yarnpkg.com/@aws-sdk/client-ses/-/client-ses-3.56.0.tgz#1d75a8dbd35d977fd904cfc8847cb4c95be342ba"
  integrity sha512-FJZbyJu1bRZainV22ial8fALGpx5KqqjyJhdsikAjUQEcfcBwO6mJcWfk5om1r41wPOkiluj+c+K4u/dlv6eWA==
  dependencies:
    "@aws-crypto/sha256-browser" "2.0.0"
    "@aws-crypto/sha256-js" "2.0.0"
    "@aws-sdk/client-sts" "3.56.0"
    "@aws-sdk/config-resolver" "3.56.0"
    "@aws-sdk/credential-provider-node" "3.56.0"
    "@aws-sdk/fetch-http-handler" "3.55.0"
    "@aws-sdk/hash-node" "3.55.0"
    "@aws-sdk/invalid-dependency" "3.55.0"
    "@aws-sdk/middleware-content-length" "3.55.0"
    "@aws-sdk/middleware-host-header" "3.55.0"
    "@aws-sdk/middleware-logger" "3.55.0"
    "@aws-sdk/middleware-retry" "3.56.0"
    "@aws-sdk/middleware-serde" "3.55.0"
    "@aws-sdk/middleware-signing" "3.56.0"
    "@aws-sdk/middleware-stack" "3.55.0"
    "@aws-sdk/middleware-user-agent" "3.55.0"
    "@aws-sdk/node-config-provider" "3.56.0"
    "@aws-sdk/node-http-handler" "3.55.0"
    "@aws-sdk/protocol-http" "3.55.0"
    "@aws-sdk/smithy-client" "3.55.0"
    "@aws-sdk/types" "3.55.0"
    "@aws-sdk/url-parser" "3.55.0"
    "@aws-sdk/util-base64-browser" "3.55.0"
    "@aws-sdk/util-base64-node" "3.55.0"
    "@aws-sdk/util-body-length-browser" "3.55.0"
    "@aws-sdk/util-body-length-node" "3.55.0"
    "@aws-sdk/util-defaults-mode-browser" "3.55.0"
    "@aws-sdk/util-defaults-mode-node" "3.56.0"
    "@aws-sdk/util-user-agent-browser" "3.55.0"
    "@aws-sdk/util-user-agent-node" "3.56.0"
    "@aws-sdk/util-utf8-browser" "3.55.0"
    "@aws-sdk/util-utf8-node" "3.55.0"
    "@aws-sdk/util-waiter" "3.55.0"
    entities "2.2.0"
    fast-xml-parser "3.19.0"
    tslib "^2.3.1"

"@aws-sdk/client-sso@3.56.0":
  version "3.56.0"
  resolved "https://registry.yarnpkg.com/@aws-sdk/client-sso/-/client-sso-3.56.0.tgz#925581507a0419a42668bf831f4ff8c64aebc939"
  integrity sha512-5gkbkNK1iaQ7C053HG5yvWNE/AB8w39kxk/VGxACrX6bVZR1tnN36vhInjom83mWlDIu0Tl5WqD8tmkjqCYMFQ==
  dependencies:
    "@aws-crypto/sha256-browser" "2.0.0"
    "@aws-crypto/sha256-js" "2.0.0"
    "@aws-sdk/config-resolver" "3.56.0"
    "@aws-sdk/fetch-http-handler" "3.55.0"
    "@aws-sdk/hash-node" "3.55.0"
    "@aws-sdk/invalid-dependency" "3.55.0"
    "@aws-sdk/middleware-content-length" "3.55.0"
    "@aws-sdk/middleware-host-header" "3.55.0"
    "@aws-sdk/middleware-logger" "3.55.0"
    "@aws-sdk/middleware-retry" "3.56.0"
    "@aws-sdk/middleware-serde" "3.55.0"
    "@aws-sdk/middleware-stack" "3.55.0"
    "@aws-sdk/middleware-user-agent" "3.55.0"
    "@aws-sdk/node-config-provider" "3.56.0"
    "@aws-sdk/node-http-handler" "3.55.0"
    "@aws-sdk/protocol-http" "3.55.0"
    "@aws-sdk/smithy-client" "3.55.0"
    "@aws-sdk/types" "3.55.0"
    "@aws-sdk/url-parser" "3.55.0"
    "@aws-sdk/util-base64-browser" "3.55.0"
    "@aws-sdk/util-base64-node" "3.55.0"
    "@aws-sdk/util-body-length-browser" "3.55.0"
    "@aws-sdk/util-body-length-node" "3.55.0"
    "@aws-sdk/util-defaults-mode-browser" "3.55.0"
    "@aws-sdk/util-defaults-mode-node" "3.56.0"
    "@aws-sdk/util-user-agent-browser" "3.55.0"
    "@aws-sdk/util-user-agent-node" "3.56.0"
    "@aws-sdk/util-utf8-browser" "3.55.0"
    "@aws-sdk/util-utf8-node" "3.55.0"
    tslib "^2.3.1"

"@aws-sdk/client-sts@3.56.0":
  version "3.56.0"
  resolved "https://registry.yarnpkg.com/@aws-sdk/client-sts/-/client-sts-3.56.0.tgz#ba99391445ed3a5b0b4f84b1518a51032a63ee12"
  integrity sha512-6LFwAU/K02Q8eNk8O/ZnaPCsnDibKYReiRV222hD64vy8rMvtGO1l+RTf5cFVa1XxHNy9ZERIJBn60EO2Zw7FA==
  dependencies:
    "@aws-crypto/sha256-browser" "2.0.0"
    "@aws-crypto/sha256-js" "2.0.0"
    "@aws-sdk/config-resolver" "3.56.0"
    "@aws-sdk/credential-provider-node" "3.56.0"
    "@aws-sdk/fetch-http-handler" "3.55.0"
    "@aws-sdk/hash-node" "3.55.0"
    "@aws-sdk/invalid-dependency" "3.55.0"
    "@aws-sdk/middleware-content-length" "3.55.0"
    "@aws-sdk/middleware-host-header" "3.55.0"
    "@aws-sdk/middleware-logger" "3.55.0"
    "@aws-sdk/middleware-retry" "3.56.0"
    "@aws-sdk/middleware-sdk-sts" "3.56.0"
    "@aws-sdk/middleware-serde" "3.55.0"
    "@aws-sdk/middleware-signing" "3.56.0"
    "@aws-sdk/middleware-stack" "3.55.0"
    "@aws-sdk/middleware-user-agent" "3.55.0"
    "@aws-sdk/node-config-provider" "3.56.0"
    "@aws-sdk/node-http-handler" "3.55.0"
    "@aws-sdk/protocol-http" "3.55.0"
    "@aws-sdk/smithy-client" "3.55.0"
    "@aws-sdk/types" "3.55.0"
    "@aws-sdk/url-parser" "3.55.0"
    "@aws-sdk/util-base64-browser" "3.55.0"
    "@aws-sdk/util-base64-node" "3.55.0"
    "@aws-sdk/util-body-length-browser" "3.55.0"
    "@aws-sdk/util-body-length-node" "3.55.0"
    "@aws-sdk/util-defaults-mode-browser" "3.55.0"
    "@aws-sdk/util-defaults-mode-node" "3.56.0"
    "@aws-sdk/util-user-agent-browser" "3.55.0"
    "@aws-sdk/util-user-agent-node" "3.56.0"
    "@aws-sdk/util-utf8-browser" "3.55.0"
    "@aws-sdk/util-utf8-node" "3.55.0"
    entities "2.2.0"
    fast-xml-parser "3.19.0"
    tslib "^2.3.1"

"@aws-sdk/config-resolver@3.56.0":
  version "3.56.0"
  resolved "https://registry.yarnpkg.com/@aws-sdk/config-resolver/-/config-resolver-3.56.0.tgz#efaa05fc357aae8635576a832c198aa308062711"
  integrity sha512-Gzx/fkUqixQkNpqoVTyR0+BUpJTfv+9qBNbhBw79V+HnPeY+tyqkVB4vZNJYbYSR6A/rMwYThxPOfvsNDFPk6A==
  dependencies:
    "@aws-sdk/signature-v4" "3.56.0"
    "@aws-sdk/types" "3.55.0"
    "@aws-sdk/util-config-provider" "3.55.0"
    "@aws-sdk/util-middleware" "3.55.0"
    tslib "^2.3.1"

"@aws-sdk/credential-provider-env@3.55.0":
  version "3.55.0"
  resolved "https://registry.yarnpkg.com/@aws-sdk/credential-provider-env/-/credential-provider-env-3.55.0.tgz#5a1f5ddff54ea3f58f4a1a824b5b19a1f3618fc6"
  integrity sha512-4AIIXEdvinLlWNFtrUbUgoB7dkuV04RTcTruVWI4Ub4WSsuSCa72ZU1vqyvcEAOgGGLBmcSaGTWByjiD2sGcGA==
  dependencies:
    "@aws-sdk/property-provider" "3.55.0"
    "@aws-sdk/types" "3.55.0"
    tslib "^2.3.1"

"@aws-sdk/credential-provider-imds@3.56.0":
  version "3.56.0"
  resolved "https://registry.yarnpkg.com/@aws-sdk/credential-provider-imds/-/credential-provider-imds-3.56.0.tgz#dd2fd399e656578d3b12d76b683eeeeb08a5edc9"
  integrity sha512-EibXjFcGtDEm8g9DhGtJpcVLxRhnN1tnrTxwlwTdc510k7F4Aly7PNLT/72tr4IQ8hl9eCCYgsNBpPDlY4pMmQ==
  dependencies:
    "@aws-sdk/node-config-provider" "3.56.0"
    "@aws-sdk/property-provider" "3.55.0"
    "@aws-sdk/types" "3.55.0"
    "@aws-sdk/url-parser" "3.55.0"
    tslib "^2.3.1"

"@aws-sdk/credential-provider-ini@3.56.0":
  version "3.56.0"
  resolved "https://registry.yarnpkg.com/@aws-sdk/credential-provider-ini/-/credential-provider-ini-3.56.0.tgz#c9e27fc0a4a8db85acf16eb52bbd7b29f251599f"
  integrity sha512-XpZf8LPIIbBI0zvsRPW9ZNyom5ymctr+lMIv62w9bUglojdVtBVC2ErGBmQXSWWITk/hzFZ122txU5fyRjyAFg==
  dependencies:
    "@aws-sdk/credential-provider-env" "3.55.0"
    "@aws-sdk/credential-provider-imds" "3.56.0"
    "@aws-sdk/credential-provider-sso" "3.56.0"
    "@aws-sdk/credential-provider-web-identity" "3.55.0"
    "@aws-sdk/property-provider" "3.55.0"
    "@aws-sdk/shared-ini-file-loader" "3.56.0"
    "@aws-sdk/types" "3.55.0"
    tslib "^2.3.1"

"@aws-sdk/credential-provider-node@3.56.0":
  version "3.56.0"
  resolved "https://registry.yarnpkg.com/@aws-sdk/credential-provider-node/-/credential-provider-node-3.56.0.tgz#b07d06cd6c5b7c5a206f27ff36f930bc6a30bd5f"
  integrity sha512-TSnjA1grdyTP8xNNgNxLmOvZMUT3zT9JLydBOqpQptLjLBbP90F32CCxKZWFOA/DXtZA0QK9Fjo+8t0Q3xZtiw==
  dependencies:
    "@aws-sdk/credential-provider-env" "3.55.0"
    "@aws-sdk/credential-provider-imds" "3.56.0"
    "@aws-sdk/credential-provider-ini" "3.56.0"
    "@aws-sdk/credential-provider-process" "3.56.0"
    "@aws-sdk/credential-provider-sso" "3.56.0"
    "@aws-sdk/credential-provider-web-identity" "3.55.0"
    "@aws-sdk/property-provider" "3.55.0"
    "@aws-sdk/shared-ini-file-loader" "3.56.0"
    "@aws-sdk/types" "3.55.0"
    tslib "^2.3.1"

"@aws-sdk/credential-provider-process@3.56.0":
  version "3.56.0"
  resolved "https://registry.yarnpkg.com/@aws-sdk/credential-provider-process/-/credential-provider-process-3.56.0.tgz#5e72d2ad21ff87ca13b54b0f86d7992dfabcb810"
  integrity sha512-B+Y35sefW1iTKqAPdlgzRy4lYx7nhXQNn+gyyt1ohfJLEvP3twv/n2xdNrF9xewCyF9glBm3YkxSleFZsGoBCw==
  dependencies:
    "@aws-sdk/property-provider" "3.55.0"
    "@aws-sdk/shared-ini-file-loader" "3.56.0"
    "@aws-sdk/types" "3.55.0"
    tslib "^2.3.1"

"@aws-sdk/credential-provider-sso@3.56.0":
  version "3.56.0"
  resolved "https://registry.yarnpkg.com/@aws-sdk/credential-provider-sso/-/credential-provider-sso-3.56.0.tgz#45e0f8581d273e9b010b7631b0d528d16c1c330b"
  integrity sha512-oCUWNl742VgrlES5LVgmtyl6ruin8xXCG8Igv6SO0gxYswkv/ed/3yhQfOOaUmO4hY7p+q0ClwXZ3EQ3UH66wg==
  dependencies:
    "@aws-sdk/client-sso" "3.56.0"
    "@aws-sdk/property-provider" "3.55.0"
    "@aws-sdk/shared-ini-file-loader" "3.56.0"
    "@aws-sdk/types" "3.55.0"
    tslib "^2.3.1"

"@aws-sdk/credential-provider-web-identity@3.55.0":
  version "3.55.0"
  resolved "https://registry.yarnpkg.com/@aws-sdk/credential-provider-web-identity/-/credential-provider-web-identity-3.55.0.tgz#21aebe5b4ad7a5b4abaf8df9aabfba0994ece357"
  integrity sha512-aKnXfZNGohTuF9rCGYLg4JEIOvWIZ/sb66XMq7bOUrx13KRPDwL/eUQL8quS5jGRLpjXVNvrS17AFf65GbdUBg==
  dependencies:
    "@aws-sdk/property-provider" "3.55.0"
    "@aws-sdk/types" "3.55.0"
    tslib "^2.3.1"

"@aws-sdk/fetch-http-handler@3.55.0":
  version "3.55.0"
  resolved "https://registry.yarnpkg.com/@aws-sdk/fetch-http-handler/-/fetch-http-handler-3.55.0.tgz#510f3ac8ee1ecedc3ea7662db7095a3fa6c5e8a3"
  integrity sha512-/Sta3MLlszpRZ1pg+ClxfNqGvraX93F587eHrfQMaGXgQ2BqJLiAVRorBRGcmmmrHxfLOqspNqufF7ibrqziRQ==
  dependencies:
    "@aws-sdk/protocol-http" "3.55.0"
    "@aws-sdk/querystring-builder" "3.55.0"
    "@aws-sdk/types" "3.55.0"
    "@aws-sdk/util-base64-browser" "3.55.0"
    tslib "^2.3.1"

"@aws-sdk/hash-node@3.55.0":
  version "3.55.0"
  resolved "https://registry.yarnpkg.com/@aws-sdk/hash-node/-/hash-node-3.55.0.tgz#ea58e9b6f2147c59ad4e41e83bd6864df59b331e"
  integrity sha512-2UdYwY/++AlzWEAFaK9wOed2QSxbzV527vmqKjReLHpPKPrSIlooUxlTH3LU6Y6WVDAzDRtLK43KUVXTLgGK1A==
  dependencies:
    "@aws-sdk/types" "3.55.0"
    "@aws-sdk/util-buffer-from" "3.55.0"
    tslib "^2.3.1"

"@aws-sdk/invalid-dependency@3.55.0":
  version "3.55.0"
  resolved "https://registry.yarnpkg.com/@aws-sdk/invalid-dependency/-/invalid-dependency-3.55.0.tgz#5406c80e4be534700b92b61c21a74efd754c9492"
  integrity sha512-delH0lV+78fdD/8MXIt9kTLS6IwHvdhqq9dw/ow5VjTUw+xBwUlfPfZplaai+3hKTKWh6a2WZCeDasNItBv9aA==
  dependencies:
    "@aws-sdk/types" "3.55.0"
    tslib "^2.3.1"

"@aws-sdk/is-array-buffer@3.55.0":
  version "3.55.0"
  resolved "https://registry.yarnpkg.com/@aws-sdk/is-array-buffer/-/is-array-buffer-3.55.0.tgz#c46122c5636f01d5895e5256a587768c3425ea7a"
  integrity sha512-NbiPHVYuPxdqdFd6FxzzN3H1BQn/iWA3ri3Ry7AyLeP/tGs1yzEWMwf8BN8TSMALI0GXT6Sh0GDWy3Ok5xB6DA==
  dependencies:
    tslib "^2.3.1"

"@aws-sdk/middleware-content-length@3.55.0":
  version "3.55.0"
  resolved "https://registry.yarnpkg.com/@aws-sdk/middleware-content-length/-/middleware-content-length-3.55.0.tgz#5191a3f4b60991eefc8a82ac1745819e5e019229"
  integrity sha512-IkFBwa1G5ERfKFh4Kdtcn/aNAGi3Hcp9IO1PVt69LZWaevxjXAi5NS2k65E9mZPEumzuLtcEeC+3qhPs4FUkqQ==
  dependencies:
    "@aws-sdk/protocol-http" "3.55.0"
    "@aws-sdk/types" "3.55.0"
    tslib "^2.3.1"

"@aws-sdk/middleware-host-header@3.55.0":
  version "3.55.0"
  resolved "https://registry.yarnpkg.com/@aws-sdk/middleware-host-header/-/middleware-host-header-3.55.0.tgz#f0c2464f0635ec734c08dd7e9ee04a66664f94d3"
  integrity sha512-69mTWJfuPP4aC+h2/cb9B2CUNA9tiRPUBp67dmMrA2dHyy53kNYo8TGgfLKProoBidBz/AVXIfnh+izJj0F20w==
  dependencies:
    "@aws-sdk/protocol-http" "3.55.0"
    "@aws-sdk/types" "3.55.0"
    tslib "^2.3.1"

"@aws-sdk/middleware-logger@3.55.0":
  version "3.55.0"
  resolved "https://registry.yarnpkg.com/@aws-sdk/middleware-logger/-/middleware-logger-3.55.0.tgz#83adc985a3a98493519384565e0c1a06552b8704"
  integrity sha512-PtRbVrxEzDmeV9prBIP4/9or7R5Dj66mjbFSvNRGZ0n+UBfBFfVRfNrhQPNzQpfV9A3KVl9YyWCVXDSW+/rk9Q==
  dependencies:
    "@aws-sdk/types" "3.55.0"
    tslib "^2.3.1"

"@aws-sdk/middleware-retry@3.56.0":
  version "3.56.0"
  resolved "https://registry.yarnpkg.com/@aws-sdk/middleware-retry/-/middleware-retry-3.56.0.tgz#dc9ba21d3e70ef769cf566860a7f230901bd0794"
  integrity sha512-AkunQvVex5JimQ+xLDcPcdsseVdvxE5rUSPh/NKLGO0bOyMxPnJSRlOxrOoibK0i1BPHkTpwdx+BDFrWiRLqug==
  dependencies:
    "@aws-sdk/protocol-http" "3.55.0"
    "@aws-sdk/service-error-classification" "3.55.0"
    "@aws-sdk/types" "3.55.0"
    "@aws-sdk/util-middleware" "3.55.0"
    tslib "^2.3.1"
    uuid "^8.3.2"

"@aws-sdk/middleware-sdk-sts@3.56.0":
  version "3.56.0"
  resolved "https://registry.yarnpkg.com/@aws-sdk/middleware-sdk-sts/-/middleware-sdk-sts-3.56.0.tgz#4d4b2d12550380e9c91cc2d3423c4e57baebd686"
  integrity sha512-LutcntT3DvS0nnHdGPHES+J+NUtKJFAVgz1gSqPq4MLIAB5oUm9QAWhmki5s2dfBbeRR7Kh1tWpzE00XowyBog==
  dependencies:
    "@aws-sdk/middleware-signing" "3.56.0"
    "@aws-sdk/property-provider" "3.55.0"
    "@aws-sdk/protocol-http" "3.55.0"
    "@aws-sdk/signature-v4" "3.56.0"
    "@aws-sdk/types" "3.55.0"
    tslib "^2.3.1"

"@aws-sdk/middleware-serde@3.55.0":
  version "3.55.0"
  resolved "https://registry.yarnpkg.com/@aws-sdk/middleware-serde/-/middleware-serde-3.55.0.tgz#326a0696255868a9dfca7c482a616897e9d54fdf"
  integrity sha512-NkEbTDrSZcC2NhuvfjXHKJEl0xgI2B5tMAwi/rMOq/TEnARwVUL9qAy+5lgeiPCqebiNllWatARrFgAaYf0VeA==
  dependencies:
    "@aws-sdk/types" "3.55.0"
    tslib "^2.3.1"

"@aws-sdk/middleware-signing@3.56.0":
  version "3.56.0"
  resolved "https://registry.yarnpkg.com/@aws-sdk/middleware-signing/-/middleware-signing-3.56.0.tgz#d6f39214047295e58cc41b9bb9a7a83a3b3d088a"
  integrity sha512-m0Rmlb3eojvZs0DQdfTZ+xJwJ0SuTXdeXn75jnpDAlnzRNKy7aRGYSsHChK8nkXgYKkpO2JmYywiTUriwwVULA==
  dependencies:
    "@aws-sdk/property-provider" "3.55.0"
    "@aws-sdk/protocol-http" "3.55.0"
    "@aws-sdk/signature-v4" "3.56.0"
    "@aws-sdk/types" "3.55.0"
    tslib "^2.3.1"

"@aws-sdk/middleware-stack@3.55.0":
  version "3.55.0"
  resolved "https://registry.yarnpkg.com/@aws-sdk/middleware-stack/-/middleware-stack-3.55.0.tgz#e99ffb0bdd6861ec3b5a667561dc41dfcb44d36b"
  integrity sha512-ouD+wFz8W2R0ZQ8HrbhgN8tg1jyINEg9lPEEXY79w1Q5sf94LJ90XKAMVk02rw3dJalUWjLHf0OQe1/qxZfHyA==
  dependencies:
    tslib "^2.3.1"

"@aws-sdk/middleware-user-agent@3.55.0":
  version "3.55.0"
  resolved "https://registry.yarnpkg.com/@aws-sdk/middleware-user-agent/-/middleware-user-agent-3.55.0.tgz#c269323c48a9fd119eeb66b51f706ad18f0b7517"
  integrity sha512-UOBimkQrj6onXb3Fyuao85IjipnDSowNHfOOl3ADVX9boA/A4db5QAXBSxThV0WHLArC0iiUsnwu95ElSSMVIg==
  dependencies:
    "@aws-sdk/protocol-http" "3.55.0"
    "@aws-sdk/types" "3.55.0"
    tslib "^2.3.1"

"@aws-sdk/node-config-provider@3.56.0":
  version "3.56.0"
  resolved "https://registry.yarnpkg.com/@aws-sdk/node-config-provider/-/node-config-provider-3.56.0.tgz#ded1120f68676df3427e1482ab16c2b05184d085"
  integrity sha512-2uCisndaymG/tXsfVj+ZqybmNTRJwhTm3sPBB8+utSDcUe7PWR0viNEqR2lPO5Uds1zOQm4MPv1v+j4jZufFyw==
  dependencies:
    "@aws-sdk/property-provider" "3.55.0"
    "@aws-sdk/shared-ini-file-loader" "3.56.0"
    "@aws-sdk/types" "3.55.0"
    tslib "^2.3.1"

"@aws-sdk/node-http-handler@3.55.0":
  version "3.55.0"
  resolved "https://registry.yarnpkg.com/@aws-sdk/node-http-handler/-/node-http-handler-3.55.0.tgz#27eb705e008f24c61aa85ab1031e3a5c220f0b46"
  integrity sha512-yF4YQr72YgVgWO9IDOhDcncqlKUJmMCtserAYhKNvmkVuaMGHE11p+IByWgcIsMJTvtFaFBhTA3W7zhJB1C1xA==
  dependencies:
    "@aws-sdk/abort-controller" "3.55.0"
    "@aws-sdk/protocol-http" "3.55.0"
    "@aws-sdk/querystring-builder" "3.55.0"
    "@aws-sdk/types" "3.55.0"
    tslib "^2.3.1"

"@aws-sdk/property-provider@3.55.0":
  version "3.55.0"
  resolved "https://registry.yarnpkg.com/@aws-sdk/property-provider/-/property-provider-3.55.0.tgz#0eabe5e84d9258c85c2c5e44bcb09379ae9429d2"
  integrity sha512-o7cKFJSHq5WOhwPsspYrzNto35oKKZvESZuWDtLxaZKSI6l7zpA366BI4kDG6Tc9i2+teV553MbxyZ9eya5A8g==
  dependencies:
    "@aws-sdk/types" "3.55.0"
    tslib "^2.3.1"

"@aws-sdk/protocol-http@3.55.0":
  version "3.55.0"
  resolved "https://registry.yarnpkg.com/@aws-sdk/protocol-http/-/protocol-http-3.55.0.tgz#72161d7e0e007713265e31382243be6e0b08724c"
  integrity sha512-vNjjsP5bFuKQMhmuBQZDddH441xanPbm8n42qgfigv0RzgWQhvUFrnmZWLBdyY8geY0RwsQ6x9yfQ0gvs48tpw==
  dependencies:
    "@aws-sdk/types" "3.55.0"
    tslib "^2.3.1"

"@aws-sdk/querystring-builder@3.55.0":
  version "3.55.0"
  resolved "https://registry.yarnpkg.com/@aws-sdk/querystring-builder/-/querystring-builder-3.55.0.tgz#7d6d4e2c597eb3d636bd3a368b494dac175ba329"
  integrity sha512-/ZAXNipt9nRR8k+eowwukE/YjXnQ49p5w/MkaQxsBk3IuIf7MAcgVg8glHr0igH84GfUQ7ZVP8v+G2S3tKUG+Q==
  dependencies:
    "@aws-sdk/types" "3.55.0"
    "@aws-sdk/util-uri-escape" "3.55.0"
    tslib "^2.3.1"

"@aws-sdk/querystring-parser@3.55.0":
  version "3.55.0"
  resolved "https://registry.yarnpkg.com/@aws-sdk/querystring-parser/-/querystring-parser-3.55.0.tgz#ea35642c1b8324dd896d45185f99ad9d6c3af6d2"
  integrity sha512-e+2FLgo+eDx7oh7ap5HngN9XSVMxredAVztLHxCcSN0lFHHHzMa8b2SpXbaowUxQHh7ziymSqvOrPYFQ71Filg==
  dependencies:
    "@aws-sdk/types" "3.55.0"
    tslib "^2.3.1"

"@aws-sdk/service-error-classification@3.55.0":
  version "3.55.0"
  resolved "https://registry.yarnpkg.com/@aws-sdk/service-error-classification/-/service-error-classification-3.55.0.tgz#4a85d2d947102c50076bd2af295f62abd74e26ab"
  integrity sha512-HdjnDyarsa1Avq1MJurkLyEe9c3eRa76dPmK4TmRGgwJ+tInEzGHL0rBW7V8xBK+PDF+fJQ71hvm8jPYmzvBwQ==

"@aws-sdk/shared-ini-file-loader@3.56.0":
  version "3.56.0"
  resolved "https://registry.yarnpkg.com/@aws-sdk/shared-ini-file-loader/-/shared-ini-file-loader-3.56.0.tgz#3c1664048d16166094581581fb821cf2855fbbd8"
  integrity sha512-dCy3mXqYKK76iep9rn2inFrPOlGURvoO+B0Ygem0jgkDuxIF8t5wa10WHWB2ee8qZRlfwPYtcVdpEm2398St3g==
  dependencies:
    tslib "^2.3.1"

"@aws-sdk/signature-v4@3.56.0":
  version "3.56.0"
  resolved "https://registry.yarnpkg.com/@aws-sdk/signature-v4/-/signature-v4-3.56.0.tgz#ff4600af607c99484b45cf7167b9ee1902a7283a"
  integrity sha512-aCvYQDMSAPe2K1lk0A+B+4xPBF50zf5ufO2k6FmBba020kqe8ODZjLq6vJJJfwrywc1B+2xWKvdpvCB7qbAOUw==
  dependencies:
    "@aws-sdk/is-array-buffer" "3.55.0"
    "@aws-sdk/types" "3.55.0"
    "@aws-sdk/util-hex-encoding" "3.55.0"
    "@aws-sdk/util-middleware" "3.55.0"
    "@aws-sdk/util-uri-escape" "3.55.0"
    tslib "^2.3.1"

"@aws-sdk/smithy-client@3.55.0":
  version "3.55.0"
  resolved "https://registry.yarnpkg.com/@aws-sdk/smithy-client/-/smithy-client-3.55.0.tgz#bf1f5a64d1d2374c291338a52f6c75c6d67e8148"
  integrity sha512-YgBpqg6R3Qg8CH9biOP1N1lYTvh8VLGD6AoDGgy/R1dQSqRQuxgKANLl3DOVcZnIZLsw4TdB0m7U+ZPtirPR1Q==
  dependencies:
    "@aws-sdk/middleware-stack" "3.55.0"
    "@aws-sdk/types" "3.55.0"
    tslib "^2.3.1"

"@aws-sdk/types@3.55.0", "@aws-sdk/types@^3.1.0":
  version "3.55.0"
  resolved "https://registry.yarnpkg.com/@aws-sdk/types/-/types-3.55.0.tgz#d524d567e2b2722f2d6be83e2417dd6d46ce1490"
  integrity sha512-wrDZjuy1CVAYxDCbm3bWQIKMGfNs7XXmG0eG4858Ixgqmq2avsIn5TORy8ynBxcXn9aekV/+tGEQ7BBSYzIVNQ==

"@aws-sdk/url-parser@3.55.0":
  version "3.55.0"
  resolved "https://registry.yarnpkg.com/@aws-sdk/url-parser/-/url-parser-3.55.0.tgz#03b47a45c591d52c9d00dc40c630b91094991fe7"
  integrity sha512-qrTwN5xIgTLreqLnZ+x3cAudjNKfxi6srW1H/px2mk4lb2U9B4fpGjZ6VU+XV8U2kR+YlT8J6Jo5iwuVGfC91A==
  dependencies:
    "@aws-sdk/querystring-parser" "3.55.0"
    "@aws-sdk/types" "3.55.0"
    tslib "^2.3.1"

"@aws-sdk/util-base64-browser@3.55.0":
  version "3.55.0"
  resolved "https://registry.yarnpkg.com/@aws-sdk/util-base64-browser/-/util-base64-browser-3.55.0.tgz#11b644fe15969f7b106ff0fbaf5c03c3c350aab8"
  integrity sha512-3hrZ2R/ZyD3IM25KhETOGLC5tB/ft8zoyVmNg1l4+takoUm46ompnglFXCVkWBu9Hpxc+M4XtiY7MHE6es4Wtg==
  dependencies:
    tslib "^2.3.1"

"@aws-sdk/util-base64-node@3.55.0":
  version "3.55.0"
  resolved "https://registry.yarnpkg.com/@aws-sdk/util-base64-node/-/util-base64-node-3.55.0.tgz#da9a3fd6752be49163572144793e6b23d0186ff4"
  integrity sha512-UQ/ZuNoAc8CFMpSiRYmevaTsuRKzLwulZTnM8LNlIt9Wx1tpNvqp80cfvVj7yySKROtEi20wq29h31dZf1eYNQ==
  dependencies:
    "@aws-sdk/util-buffer-from" "3.55.0"
    tslib "^2.3.1"

"@aws-sdk/util-body-length-browser@3.55.0":
  version "3.55.0"
  resolved "https://registry.yarnpkg.com/@aws-sdk/util-body-length-browser/-/util-body-length-browser-3.55.0.tgz#9c2637097501032f6a1afddb76687415fe9b44b6"
  integrity sha512-Ei2OCzXQw5N6ZkTMZbamUzc1z+z1R1Ja5tMEagz5BxuX4vWdBObT+uGlSzL8yvTbjoPjnxWA2aXyEqaUP3JS8Q==
  dependencies:
    tslib "^2.3.1"

"@aws-sdk/util-body-length-node@3.55.0":
  version "3.55.0"
  resolved "https://registry.yarnpkg.com/@aws-sdk/util-body-length-node/-/util-body-length-node-3.55.0.tgz#67049bbb6c62d794a1bb5a13b9a678988c925489"
  integrity sha512-lU1d4I+9wJwydduXs0SxSfd+mHKjxeyd39VwOv6i2KSwWkPbji9UQqpflKLKw+r45jL7+xU/zfeTUg5Tt/3Gew==
  dependencies:
    tslib "^2.3.1"

"@aws-sdk/util-buffer-from@3.55.0":
  version "3.55.0"
  resolved "https://registry.yarnpkg.com/@aws-sdk/util-buffer-from/-/util-buffer-from-3.55.0.tgz#e7c927974b07a29502aa1ad58509b91d0d7cf0f7"
  integrity sha512-uVzKG1UgvnV7XX2FPTylBujYMKBPBaq/qFBxfl0LVNfrty7YjpfieQxAe6yRLD+T0Kir/WDQwGvYC+tOYG3IGA==
  dependencies:
    "@aws-sdk/is-array-buffer" "3.55.0"
    tslib "^2.3.1"

"@aws-sdk/util-config-provider@3.55.0":
  version "3.55.0"
  resolved "https://registry.yarnpkg.com/@aws-sdk/util-config-provider/-/util-config-provider-3.55.0.tgz#720c6c0ac1aa8d14be29d1dee25e01eb4925c0ce"
  integrity sha512-30dzofQQfx6tp1jVZkZ0DGRsT0wwC15nEysKRiAcjncM64A0Cm6sra77d0os3vbKiKoPCI/lMsFr4o3533+qvQ==
  dependencies:
    tslib "^2.3.1"

"@aws-sdk/util-defaults-mode-browser@3.55.0":
  version "3.55.0"
  resolved "https://registry.yarnpkg.com/@aws-sdk/util-defaults-mode-browser/-/util-defaults-mode-browser-3.55.0.tgz#c2dc19c908264f643f2f345017efd7addd3824e4"
  integrity sha512-OS3gAwR84bHz7ObhjsSJM+grfeaBq3leGrj7xiX4BH3C8J+c10GMo3fqx1pV8Fq5F+9lMmhHpfOocD63SN5Q8A==
  dependencies:
    "@aws-sdk/property-provider" "3.55.0"
    "@aws-sdk/types" "3.55.0"
    bowser "^2.11.0"
    tslib "^2.3.1"

"@aws-sdk/util-defaults-mode-node@3.56.0":
  version "3.56.0"
  resolved "https://registry.yarnpkg.com/@aws-sdk/util-defaults-mode-node/-/util-defaults-mode-node-3.56.0.tgz#b14eae6ed6c5301a2c281c11ef69f17e6d8c12e7"
  integrity sha512-NKHW5kxH5EIcAa4b0Vua6t75z5D3lanwbAeiHzYrA1MeDIFlfXHs/kiHT2KTpr6stZZEEVPOEwb628AnkHAZTg==
  dependencies:
    "@aws-sdk/config-resolver" "3.56.0"
    "@aws-sdk/credential-provider-imds" "3.56.0"
    "@aws-sdk/node-config-provider" "3.56.0"
    "@aws-sdk/property-provider" "3.55.0"
    "@aws-sdk/types" "3.55.0"
    tslib "^2.3.1"

"@aws-sdk/util-hex-encoding@3.55.0":
  version "3.55.0"
  resolved "https://registry.yarnpkg.com/@aws-sdk/util-hex-encoding/-/util-hex-encoding-3.55.0.tgz#d076c2c436c5197b87dd092d4990de976cba21f4"
  integrity sha512-zbDWNzIyqN2Po7SIo1ZDL4rQMP3R0TzGcCrm01bpQAb+2fWqUPigolvNZXXtMO6eS7EW3ZJJzkfoWHdH8zDz1A==
  dependencies:
    tslib "^2.3.1"

"@aws-sdk/util-locate-window@^3.0.0":
  version "3.55.0"
  resolved "https://registry.yarnpkg.com/@aws-sdk/util-locate-window/-/util-locate-window-3.55.0.tgz#a4136a20ee1bfcb73967a6614caf769ef79db070"
  integrity sha512-0sPmK2JaJE2BbTcnvybzob/VrFKCXKfN4CUKcvn0yGg/me7Bz+vtzQRB3Xp+YSx+7OtWxzv63wsvHoAnXvgxgg==
  dependencies:
    tslib "^2.3.1"

"@aws-sdk/util-middleware@3.55.0":
  version "3.55.0"
  resolved "https://registry.yarnpkg.com/@aws-sdk/util-middleware/-/util-middleware-3.55.0.tgz#22acf3ae45e3bbe9c1cc39d84e14aafb842fdcf0"
  integrity sha512-82fW2XV+rUalv8lkd4VlhpPp6xnXO5n9sckMp1N+TrQ+p8eqxqT0+o8n1/6s9Qsnkw64Y3m6+EfCdc8/uFOY2g==
  dependencies:
    tslib "^2.3.1"

"@aws-sdk/util-uri-escape@3.55.0":
  version "3.55.0"
  resolved "https://registry.yarnpkg.com/@aws-sdk/util-uri-escape/-/util-uri-escape-3.55.0.tgz#ee57743c628a1c9f942dfe73205ce890ec011916"
  integrity sha512-mmdDLUpFCN2nkfwlLdOM54lTD528GiGSPN1qb8XtGLgZsJUmg3uJSFIN2lPeSbEwJB3NFjVas/rnQC48i7mV8w==
  dependencies:
    tslib "^2.3.1"

"@aws-sdk/util-user-agent-browser@3.55.0":
  version "3.55.0"
  resolved "https://registry.yarnpkg.com/@aws-sdk/util-user-agent-browser/-/util-user-agent-browser-3.55.0.tgz#3fe1220065f14edd85a31dc9e0795ba11231be54"
  integrity sha512-E+8PluqbdOKfdJc9E4k0vy4PPb9wvAMa2Zdm5ycoaY0IXRI9RjQJnRw5JKAAJWLuOy7Lb83LgoowGW3o+4AuKw==
  dependencies:
    "@aws-sdk/types" "3.55.0"
    bowser "^2.11.0"
    tslib "^2.3.1"

"@aws-sdk/util-user-agent-node@3.56.0":
  version "3.56.0"
  resolved "https://registry.yarnpkg.com/@aws-sdk/util-user-agent-node/-/util-user-agent-node-3.56.0.tgz#5501d060a241821a4c9178780cd6fd66eb295838"
  integrity sha512-jpWDpEG2M06jqGtk/Jz9Iu94lBI8tdP7r2ctq2ptki9wYNmmWKdIXlS/W0g2UFx3qa9G9W67QI1efSTh2B0nfA==
  dependencies:
    "@aws-sdk/node-config-provider" "3.56.0"
    "@aws-sdk/types" "3.55.0"
    tslib "^2.3.1"

"@aws-sdk/util-utf8-browser@3.55.0", "@aws-sdk/util-utf8-browser@^3.0.0":
  version "3.55.0"
  resolved "https://registry.yarnpkg.com/@aws-sdk/util-utf8-browser/-/util-utf8-browser-3.55.0.tgz#a045bf1a93f6e0ff9c846631b168ea55bbb37668"
  integrity sha512-ljzqJcyjfJpEVSIAxwtIS8xMRUly84BdjlBXyp6cu4G8TUufgjNS31LWdhyGhgmW5vYBNr+LTz0Kwf6J+ou7Ug==
  dependencies:
    tslib "^2.3.1"

"@aws-sdk/util-utf8-node@3.55.0":
  version "3.55.0"
  resolved "https://registry.yarnpkg.com/@aws-sdk/util-utf8-node/-/util-utf8-node-3.55.0.tgz#44cf9f9c8624d144afd65ab8a1786e33134add15"
  integrity sha512-FsFm7GFaC7j0tlPEm/ri8bU2QCwFW5WKjxUg8lm1oWaxplCpKGUsmcfPJ4sw58GIoyoGu4QXBK60oCWosZYYdQ==
  dependencies:
    "@aws-sdk/util-buffer-from" "3.55.0"
    tslib "^2.3.1"

"@aws-sdk/util-waiter@3.55.0":
  version "3.55.0"
  resolved "https://registry.yarnpkg.com/@aws-sdk/util-waiter/-/util-waiter-3.55.0.tgz#0e48a8ce98931f99cfbcad750222fd1f0b237fda"
  integrity sha512-Do34MKPFSC/+zVN6vY+FZ+0WN61hzga4nPoAC590AOjs8rW6/H6sDN6Gz1KAZbPnuQUZfvsIJjMxN7lblXHJkQ==
  dependencies:
    "@aws-sdk/abort-controller" "3.55.0"
    "@aws-sdk/types" "3.55.0"
    tslib "^2.3.1"

bowser@^2.11.0:
  version "2.11.0"
  resolved "https://registry.yarnpkg.com/bowser/-/bowser-2.11.0.tgz#5ca3c35757a7aa5771500c70a73a9f91ef420a8f"
  integrity sha512-AlcaJBi/pqqJBIQ8U9Mcpc9i8Aqxn88Skv5d+xBX006BY5u8N3mGLHa5Lgppa7L/HfwgwLgZ6NYs+Ag6uUmJRA==

dotenv@^16.0.0:
  version "16.0.0"
  resolved "https://registry.yarnpkg.com/dotenv/-/dotenv-16.0.0.tgz#c619001253be89ebb638d027b609c75c26e47411"
  integrity sha512-qD9WU0MPM4SWLPJy/r2Be+2WgQj8plChsyrCNQzW/0WjvcJQiKQJ9mH3ZgB3fxbUUxgc/11ZJ0Fi5KiimWGz2Q==

entities@2.2.0:
  version "2.2.0"
  resolved "https://registry.yarnpkg.com/entities/-/entities-2.2.0.tgz#098dc90ebb83d8dffa089d55256b351d34c4da55"
  integrity sha512-p92if5Nz619I0w+akJrLZH0MX0Pb5DX39XOwQTtXSdQQOaYH03S1uIQp4mhOZtAXrxq4ViO67YTiLBo2638o9A==

fast-xml-parser@3.19.0:
  version "3.19.0"
  resolved "https://registry.yarnpkg.com/fast-xml-parser/-/fast-xml-parser-3.19.0.tgz#cb637ec3f3999f51406dd8ff0e6fc4d83e520d01"
  integrity sha512-4pXwmBplsCPv8FOY1WRakF970TjNGnGnfbOnLqjlYvMiF1SR3yOHyxMR/YCXpPTOspNF5gwudqktIP4VsWkvBg==

nodemailer@^6.7.3:
  version "6.7.3"
  resolved "https://registry.yarnpkg.com/nodemailer/-/nodemailer-6.7.3.tgz#b73f9a81b9c8fa8acb4ea14b608f5e725ea8e018"
  integrity sha512-KUdDsspqx89sD4UUyUKzdlUOper3hRkDVkrKh/89G+d9WKsU5ox51NWS4tB1XR5dPUdR4SP0E3molyEfOvSa3g==

tslib@^1.11.1:
  version "1.14.1"
  resolved "https://registry.yarnpkg.com/tslib/-/tslib-1.14.1.tgz#cf2d38bdc34a134bcaf1091c41f6619e2f672d00"
  integrity sha512-Xni35NKzjgMrwevysHTCArtLDpPvye8zV/0E4EyYn43P7/7qvQwPh9BGkHewbMulVntbigmcT7rdX3BNo9wRJg==

tslib@^2.3.1:
  version "2.3.1"
  resolved "https://registry.yarnpkg.com/tslib/-/tslib-2.3.1.tgz#e8a335add5ceae51aa261d32a490158ef042ef01"
  integrity sha512-77EbyPPpMz+FRFRuAFlWMtmgUWGe9UOG2Z25NqCwiIjRhOf5iKGuzSe5P2w1laq+FkRy4p+PCuVkJSGkzTEKVw==

uuid@^8.3.2:
  version "8.3.2"
  resolved "https://registry.yarnpkg.com/uuid/-/uuid-8.3.2.tgz#80d5b5ced271bb9af6c445f21a1a04c606cefbe2"
  integrity sha512-+NYs2QeMWy+GWFOEm9xnn6HCDp0l7QBD7ml8zLUmJ+93Q5NF0NocErnwkTkXVFNiX3/fpC6afS8Dhb/gz7R7eg==
